<?xml version="1.0" encoding="utf-8"?>
<Project ToolsVersion="4.0" xmlns="http://schemas.microsoft.com/developer/msbuild/2003">
  <ItemGroup>
    <Filter Include="Application">
      <UniqueIdentifier>{67DA6AB6-F800-4c08-8B7A-83BB121AAD01}</UniqueIdentifier>
      <Extensions>rc;ico;cur;bmp;dlg;rc2;rct;bin;rgs;gif;jpg;jpeg;jpe;resx;tiff;tif;png;wav;mfcribbon-ms</Extensions>
    </Filter>
    <Filter Include="DataStructure">
      <UniqueIdentifier>{4FC737F1-C7A5-4376-A066-2A32D752A2FF}</UniqueIdentifier>
      <Extensions>cpp;c;cc;cxx;c++;def;odl;idl;hpj;bat;asm;asmx</Extensions>
    </Filter>
    <Filter Include="Application\Header Files">
      <UniqueIdentifier>{d43862bc-da3f-4acc-8e7f-6f6f17026556}</UniqueIdentifier>
    </Filter>
    <Filter Include="Application\Source Files">
      <UniqueIdentifier>{1626a98c-0ea5-46b9-8d09-394aed98e00f}</UniqueIdentifier>
    </Filter>
    <Filter Include="DataStructure\Header Files">
      <UniqueIdentifier>{f9d269ce-c975-4ebd-a982-955edf85bab7}</UniqueIdentifier>
    </Filter>
    <Filter Include="DataStructure\Source Files">
      <UniqueIdentifier>{e7eb3d1e-6a6a-49aa-b98d-260aa36c7ef4}</UniqueIdentifier>
    </Filter>
    <Filter Include="Type">
      <UniqueIdentifier>{93995380-89BD-4b04-88EB-625FBE52EBFB}</UniqueIdentifier>
      <Extensions>h;hh;hpp;hxx;h++;hm;inl;inc;ipp;xsd</Extensions>
    </Filter>
    <Filter Include="Type\Header Files">
      <UniqueIdentifier>{93ab6a63-7c3d-448b-ad57-a9bb7dff734a}</UniqueIdentifier>
    </Filter>
    <Filter Include="Type\Source Files">
      <UniqueIdentifier>{41548354-d3dc-403c-be60-9851355c4111}</UniqueIdentifier>
    </Filter>
  </ItemGroup>
  <ItemGroup>
    <ClInclude Include="ItemType.h">
      <Filter>Type\Header Files</Filter>
    </ClInclude>
    <ClInclude Include="MaxHeap.h">
      <Filter>DataStructure\Header Files</Filter>
    </ClInclude>
    <ClInclude Include="MinHeap.h">
      <Filter>DataStructure\Header Files</Filter>
    </ClInclude>
    <ClInclude Include="Application.h">
      <Filter>Application\Header Files</Filter>
    </ClInclude>
    <ClInclude Include="Pch.h">
      <Filter>Application\Header Files</Filter>
    </ClInclude>
    <ClInclude Include="BaseHeap.h">
      <Filter>DataStructure\Header Files</Filter>
    </ClInclude>
  </ItemGroup>
  <ItemGroup>
    <ClCompile Include="ItemType.cpp">
      <Filter>Type\Source Files</Filter>
    </ClCompile>
    <ClCompile Include="Application.cpp">
      <Filter>Application\Source Files</Filter>
    </ClCompile>
    <ClCompile Include="Pch.cpp">
      <Filter>Application\Source Files</Filter>
    </ClCompile>
    <ClCompile Include="main.cpp">
      <Filter>Application\Source Files</Filter>
    </ClCompile>
    <ClCompile Include="BaseHeap.cpp">
      <Filter>DataStructure\Source Files</Filter>
    </ClCompile>
    <ClCompile Include="MaxHeap.cpp">
      <Filter>DataStructure\Source Files</Filter>
    </ClCompile>
    <ClCompile Include="MinHeap.cpp">
      <Filter>DataStructure\Source Files</Filter>
    </ClCompile>
  </ItemGroup>
</Project>